
Microsoft Visual Studio Solution File, Format Version 12.00
# Visual Studio 2012
Project("{FAE04EC0-301F-11D3-BF4B-00C04F79EFBC}") = "EjemploBursatil.WEB", "EjemploBursatil\EjemploBursatil.WEB.csproj", "{01203657-75C3-4445-92B5-6F4464C1C4D4}"
EndProject
Project("{FAE04EC0-301F-11D3-BF4B-00C04F79EFBC}") = "EjemploBursatil.DAL", "EjemploBursatil.DAL\EjemploBursatil.DAL.csproj", "{5304E4B3-A755-4661-BA73-599C357D6D76}"
EndProject
Project("{FAE04EC0-301F-11D3-BF4B-00C04F79EFBC}") = "EjemploBursatil.BajaArchivosBolsar", "EjemploBursatil.BajaArchivosBolsar\EjemploBursatil.BajaArchivosBolsar.csproj", "{D4FE04BD-7A68-43F3-AF0B-163B6226A03A}"
EndProject
Global
	GlobalSection(SolutionConfigurationPlatforms) = preSolution
		Debug|Any CPU = Debug|Any CPU
		Release|Any CPU = Release|Any CPU
	EndGlobalSection
	GlobalSection(ProjectConfigurationPlatforms) = postSolution
		{01203657-75C3-4445-92B5-6F4464C1C4D4}.Debug|Any CPU.ActiveCfg = Debug|Any CPU
		{01203657-75C3-4445-92B5-6F4464C1C4D4}.Debug|Any CPU.Build.0 = Debug|Any CPU
		{01203657-75C3-4445-92B5-6F4464C1C4D4}.Release|Any CPU.ActiveCfg = Release|Any CPU
		{01203657-75C3-4445-92B5-6F4464C1C4D4}.Release|Any CPU.Build.0 = Release|Any CPU
		{5304E4B3-A755-4661-BA73-599C357D6D76}.Debug|Any CPU.ActiveCfg = Debug|Any CPU
		{5304E4B3-A755-4661-BA73-599C357D6D76}.Debug|Any CPU.Build.0 = Debug|Any CPU
		{5304E4B3-A755-4661-BA73-599C357D6D76}.Release|Any CPU.ActiveCfg = Release|Any CPU
		{5304E4B3-A755-4661-BA73-599C357D6D76}.Release|Any CPU.Build.0 = Release|Any CPU
		{D4FE04BD-7A68-43F3-AF0B-163B6226A03A}.Debug|Any CPU.ActiveCfg = Debug|Any CPU
		{D4FE04BD-7A68-43F3-AF0B-163B6226A03A}.Debug|Any CPU.Build.0 = Debug|Any CPU
		{D4FE04BD-7A68-43F3-AF0B-163B6226A03A}.Release|Any CPU.ActiveCfg = Release|Any CPU
		{D4FE04BD-7A68-43F3-AF0B-163B6226A03A}.Release|Any CPU.Build.0 = Release|Any CPU
	EndGlobalSection
	GlobalSection(SolutionProperties) = preSolution
		HideSolutionNode = FALSE
	EndGlobalSection
EndGlobal
